
Microsoft Visual Studio Solution File, Format Version 12.00
# Visual Studio Version 17
VisualStudioVersion = 17.10.35027.167
MinimumVisualStudioVersion = 10.0.40219.1
Project("{9A19103F-16F7-4668-BE54-9A1E7A4F7556}") = "ui", "ui.csproj", "{2650B775-B9D0-40DB-81FE-78ECF40F71FC}"
EndProject
Project("{9A19103F-16F7-4668-BE54-9A1E7A4F7556}") = "configinstaller", "configinstaller\configinstaller.csproj", "{7A6896DE-EC56-4A80-82C0-5B8CE94F7626}"
EndProject
Project("{FAE04EC0-301F-11D3-BF4B-00C04F79EFBC}") = "mininst", "mininst\mininst.csproj", "{D038599E-5D9F-46B0-BB88-E91C7E2DFAB5}"
EndProject
Global
	GlobalSection(SolutionConfigurationPlatforms) = preSolution
		Debug|Any CPU = Debug|Any CPU
		Debug|x64 = Debug|x64
		Release|Any CPU = Release|Any CPU
		Release|x64 = Release|x64
	EndGlobalSection
	GlobalSection(ProjectConfigurationPlatforms) = postSolution
		{2650B775-B9D0-40DB-81FE-78ECF40F71FC}.Debug|Any CPU.ActiveCfg = Debug|Any CPU
		{2650B775-B9D0-40DB-81FE-78ECF40F71FC}.Debug|Any CPU.Build.0 = Debug|Any CPU
		{2650B775-B9D0-40DB-81FE-78ECF40F71FC}.Debug|x64.ActiveCfg = Debug|Any CPU
		{2650B775-B9D0-40DB-81FE-78ECF40F71FC}.Debug|x64.Build.0 = Debug|Any CPU
		{2650B775-B9D0-40DB-81FE-78ECF40F71FC}.Release|Any CPU.ActiveCfg = Release|Any CPU
		{2650B775-B9D0-40DB-81FE-78ECF40F71FC}.Release|Any CPU.Build.0 = Release|Any CPU
		{2650B775-B9D0-40DB-81FE-78ECF40F71FC}.Release|x64.ActiveCfg = Release|Any CPU
		{2650B775-B9D0-40DB-81FE-78ECF40F71FC}.Release|x64.Build.0 = Release|Any CPU
		{7A6896DE-EC56-4A80-82C0-5B8CE94F7626}.Debug|Any CPU.ActiveCfg = Debug|Any CPU
		{7A6896DE-EC56-4A80-82C0-5B8CE94F7626}.Debug|Any CPU.Build.0 = Debug|Any CPU
		{7A6896DE-EC56-4A80-82C0-5B8CE94F7626}.Debug|x64.ActiveCfg = Debug|x64
		{7A6896DE-EC56-4A80-82C0-5B8CE94F7626}.Debug|x64.Build.0 = Debug|x64
		{7A6896DE-EC56-4A80-82C0-5B8CE94F7626}.Release|Any CPU.ActiveCfg = Release|Any CPU
		{7A6896DE-EC56-4A80-82C0-5B8CE94F7626}.Release|Any CPU.Build.0 = Release|Any CPU
		{7A6896DE-EC56-4A80-82C0-5B8CE94F7626}.Release|x64.ActiveCfg = Release|x64
		{7A6896DE-EC56-4A80-82C0-5B8CE94F7626}.Release|x64.Build.0 = Release|x64
		{D038599E-5D9F-46B0-BB88-E91C7E2DFAB5}.Debug|Any CPU.ActiveCfg = Debug|Any CPU
		{D038599E-5D9F-46B0-BB88-E91C7E2DFAB5}.Debug|Any CPU.Build.0 = Debug|Any CPU
		{D038599E-5D9F-46B0-BB88-E91C7E2DFAB5}.Debug|x64.ActiveCfg = Debug|Any CPU
		{D038599E-5D9F-46B0-BB88-E91C7E2DFAB5}.Debug|x64.Build.0 = Debug|Any CPU
		{D038599E-5D9F-46B0-BB88-E91C7E2DFAB5}.Release|Any CPU.ActiveCfg = Release|Any CPU
		{D038599E-5D9F-46B0-BB88-E91C7E2DFAB5}.Release|Any CPU.Build.0 = Release|Any CPU
		{D038599E-5D9F-46B0-BB88-E91C7E2DFAB5}.Release|x64.ActiveCfg = Release|Any CPU
		{D038599E-5D9F-46B0-BB88-E91C7E2DFAB5}.Release|x64.Build.0 = Release|Any CPU
	EndGlobalSection
	GlobalSection(SolutionProperties) = preSolution
		HideSolutionNode = FALSE
	EndGlobalSection
	GlobalSection(ExtensibilityGlobals) = postSolution
		SolutionGuid = {7CCD30D7-E620-4562-BF1A-CF60B2487695}
	EndGlobalSection
EndGlobal
